
Microsoft Visual Studio Solution File, Format Version 12.00
# Visual Studio Version 17
VisualStudioVersion = 17.0.31903.59
MinimumVisualStudioVersion = 10.0.40219.1
Project("{2150E333-8FDC-42A3-9474-1A3956D46DE8}") = "src", "src", "{827E0CD3-B72D-47B6-A68D-7590B98EB39B}"
EndProject
Project("{FAE04EC0-301F-11D3-BF4B-00C04F79EFBC}") = "Pkcs11Wrapper.Native", "src\Pkcs11Wrapper.Native\Pkcs11Wrapper.Native.csproj", "{A9EE48D4-397E-46E6-9C75-9899D80C920E}"
EndProject
Project("{FAE04EC0-301F-11D3-BF4B-00C04F79EFBC}") = "Pkcs11Wrapper", "src\Pkcs11Wrapper\Pkcs11Wrapper.csproj", "{E179D4AB-37F1-484A-B015-4B74D45277C1}"
EndProject
Project("{2150E333-8FDC-42A3-9474-1A3956D46DE8}") = "tests", "tests", "{0AB3BF05-4346-4AA6-1389-037BE0695223}"
EndProject
Project("{FAE04EC0-301F-11D3-BF4B-00C04F79EFBC}") = "Pkcs11Wrapper.Native.Tests", "tests\Pkcs11Wrapper.Native.Tests\Pkcs11Wrapper.Native.Tests.csproj", "{C311E62C-3EA6-4075-A9F5-AA9A029F3846}"
EndProject
Project("{2150E333-8FDC-42A3-9474-1A3956D46DE8}") = "samples", "samples", "{5D20AA90-6969-D8BD-9DCD-8634F4692FDA}"
EndProject
Project("{FAE04EC0-301F-11D3-BF4B-00C04F79EFBC}") = "Pkcs11Wrapper.Smoke", "samples\Pkcs11Wrapper.Smoke\Pkcs11Wrapper.Smoke.csproj", "{29585795-00DC-4026-9B6B-DCAEDA99D5BB}"
EndProject
Project("{FAE04EC0-301F-11D3-BF4B-00C04F79EFBC}") = "Pkcs11Wrapper.Admin.Application", "src\Pkcs11Wrapper.Admin.Application\Pkcs11Wrapper.Admin.Application.csproj", "{1038349E-EB34-4B60-83B3-57B8E1A69426}"
EndProject
Project("{FAE04EC0-301F-11D3-BF4B-00C04F79EFBC}") = "Pkcs11Wrapper.Admin.Infrastructure", "src\Pkcs11Wrapper.Admin.Infrastructure\Pkcs11Wrapper.Admin.Infrastructure.csproj", "{7099B084-635B-42BC-88DD-916295B7CED9}"
EndProject
Project("{FAE04EC0-301F-11D3-BF4B-00C04F79EFBC}") = "Pkcs11Wrapper.Admin.Web", "src\Pkcs11Wrapper.Admin.Web\Pkcs11Wrapper.Admin.Web.csproj", "{A799997E-DD45-424E-ACEC-E80BFF21FFA6}"
EndProject
Project("{FAE04EC0-301F-11D3-BF4B-00C04F79EFBC}") = "Pkcs11Wrapper.Admin.Tests", "tests\Pkcs11Wrapper.Admin.Tests\Pkcs11Wrapper.Admin.Tests.csproj", "{87490426-AE7D-430C-B27F-225AA083841B}"
EndProject
Project("{2150E333-8FDC-42A3-9474-1A3956D46DE8}") = "benchmarks", "benchmarks", "{66320409-64EC-F7C5-3DEF-65E7510DAAD1}"
EndProject
Project("{FAE04EC0-301F-11D3-BF4B-00C04F79EFBC}") = "Pkcs11Wrapper.Benchmarks", "benchmarks\Pkcs11Wrapper.Benchmarks\Pkcs11Wrapper.Benchmarks.csproj", "{C1D9D770-B75A-4904-A5A7-40729CA867D5}"
EndProject
Project("{FAE04EC0-301F-11D3-BF4B-00C04F79EFBC}") = "Pkcs11Wrapper.CryptoApiPerf", "benchmarks\Pkcs11Wrapper.CryptoApiPerf\Pkcs11Wrapper.CryptoApiPerf.csproj", "{0CF27E6B-F103-45C9-82C7-B1B9A54B6F37}"
EndProject
Project("{FAE04EC0-301F-11D3-BF4B-00C04F79EFBC}") = "Pkcs11Wrapper.Admin.E2E", "tests\Pkcs11Wrapper.Admin.E2E\Pkcs11Wrapper.Admin.E2E.csproj", "{B6C89F32-712E-4229-8C33-B98203E1521A}"
EndProject
Project("{FAE04EC0-301F-11D3-BF4B-00C04F79EFBC}") = "Pkcs11Wrapper.ThalesLuna.Native", "src\Pkcs11Wrapper.ThalesLuna.Native\Pkcs11Wrapper.ThalesLuna.Native.csproj", "{07982AC4-E7C9-4D25-ACA0-D9114BF26717}"
EndProject
Project("{FAE04EC0-301F-11D3-BF4B-00C04F79EFBC}") = "Pkcs11Wrapper.ThalesLuna", "src\Pkcs11Wrapper.ThalesLuna\Pkcs11Wrapper.ThalesLuna.csproj", "{E01DEAEB-670B-4804-8538-4E992B5DCDAE}"
EndProject
Project("{FAE04EC0-301F-11D3-BF4B-00C04F79EFBC}") = "Pkcs11Wrapper.ThalesLuna.Tests", "tests\Pkcs11Wrapper.ThalesLuna.Tests\Pkcs11Wrapper.ThalesLuna.Tests.csproj", "{A4C248F5-1F62-4FF5-95B4-289261CF68C2}"
EndProject
Project("{FAE04EC0-301F-11D3-BF4B-00C04F79EFBC}") = "Pkcs11Wrapper.CryptoApi", "src\Pkcs11Wrapper.CryptoApi\Pkcs11Wrapper.CryptoApi.csproj", "{F38CC518-274F-4EEC-85D4-B3DD0145F6C6}"
EndProject
Project("{FAE04EC0-301F-11D3-BF4B-00C04F79EFBC}") = "Pkcs11Wrapper.CryptoApi.Tests", "tests\Pkcs11Wrapper.CryptoApi.Tests\Pkcs11Wrapper.CryptoApi.Tests.csproj", "{B920039A-110A-4256-A4D2-B13191CA9C0D}"
EndProject
Project("{FAE04EC0-301F-11D3-BF4B-00C04F79EFBC}") = "Pkcs11Wrapper.CryptoApi.Shared", "src\Pkcs11Wrapper.CryptoApi.Shared\Pkcs11Wrapper.CryptoApi.Shared.csproj", "{64145AFC-72BF-4C3F-833A-4AE3092EDAF8}"
EndProject
Project("{FAE04EC0-301F-11D3-BF4B-00C04F79EFBC}") = "Pkcs11Wrapper.CryptoApi.Gateway", "src\Pkcs11Wrapper.CryptoApi.Gateway\Pkcs11Wrapper.CryptoApi.Gateway.csproj", "{61A0CDC6-547F-499E-AA19-684941043614}"
EndProject
Project("{FAE04EC0-301F-11D3-BF4B-00C04F79EFBC}") = "Pkcs11Wrapper.CryptoApi.Gateway.Tests", "tests\Pkcs11Wrapper.CryptoApi.Gateway.Tests\Pkcs11Wrapper.CryptoApi.Gateway.Tests.csproj", "{F7637BD5-CEEC-4253-886D-7DC237AF9C93}"
EndProject
Global
	GlobalSection(SolutionConfigurationPlatforms) = preSolution
		Debug|Any CPU = Debug|Any CPU
		Debug|x64 = Debug|x64
		Debug|x86 = Debug|x86
		Release|Any CPU = Release|Any CPU
		Release|x64 = Release|x64
		Release|x86 = Release|x86
	EndGlobalSection
	GlobalSection(ProjectConfigurationPlatforms) = postSolution
		{A9EE48D4-397E-46E6-9C75-9899D80C920E}.Debug|Any CPU.ActiveCfg = Debug|Any CPU
		{A9EE48D4-397E-46E6-9C75-9899D80C920E}.Debug|Any CPU.Build.0 = Debug|Any CPU
		{A9EE48D4-397E-46E6-9C75-9899D80C920E}.Debug|x64.ActiveCfg = Debug|Any CPU
		{A9EE48D4-397E-46E6-9C75-9899D80C920E}.Debug|x64.Build.0 = Debug|Any CPU
		{A9EE48D4-397E-46E6-9C75-9899D80C920E}.Debug|x86.ActiveCfg = Debug|Any CPU
		{A9EE48D4-397E-46E6-9C75-9899D80C920E}.Debug|x86.Build.0 = Debug|Any CPU
		{A9EE48D4-397E-46E6-9C75-9899D80C920E}.Release|Any CPU.ActiveCfg = Release|Any CPU
		{A9EE48D4-397E-46E6-9C75-9899D80C920E}.Release|Any CPU.Build.0 = Release|Any CPU
		{A9EE48D4-397E-46E6-9C75-9899D80C920E}.Release|x64.ActiveCfg = Release|Any CPU
		{A9EE48D4-397E-46E6-9C75-9899D80C920E}.Release|x64.Build.0 = Release|Any CPU
		{A9EE48D4-397E-46E6-9C75-9899D80C920E}.Release|x86.ActiveCfg = Release|Any CPU
		{A9EE48D4-397E-46E6-9C75-9899D80C920E}.Release|x86.Build.0 = Release|Any CPU
		{E179D4AB-37F1-484A-B015-4B74D45277C1}.Debug|Any CPU.ActiveCfg = Debug|Any CPU
		{E179D4AB-37F1-484A-B015-4B74D45277C1}.Debug|Any CPU.Build.0 = Debug|Any CPU
		{E179D4AB-37F1-484A-B015-4B74D45277C1}.Debug|x64.ActiveCfg = Debug|Any CPU
		{E179D4AB-37F1-484A-B015-4B74D45277C1}.Debug|x64.Build.0 = Debug|Any CPU
		{E179D4AB-37F1-484A-B015-4B74D45277C1}.Debug|x86.ActiveCfg = Debug|Any CPU
		{E179D4AB-37F1-484A-B015-4B74D45277C1}.Debug|x86.Build.0 = Debug|Any CPU
		{E179D4AB-37F1-484A-B015-4B74D45277C1}.Release|Any CPU.ActiveCfg = Release|Any CPU
		{E179D4AB-37F1-484A-B015-4B74D45277C1}.Release|Any CPU.Build.0 = Release|Any CPU
		{E179D4AB-37F1-484A-B015-4B74D45277C1}.Release|x64.ActiveCfg = Release|Any CPU
		{E179D4AB-37F1-484A-B015-4B74D45277C1}.Release|x64.Build.0 = Release|Any CPU
		{E179D4AB-37F1-484A-B015-4B74D45277C1}.Release|x86.ActiveCfg = Release|Any CPU
		{E179D4AB-37F1-484A-B015-4B74D45277C1}.Release|x86.Build.0 = Release|Any CPU
		{C311E62C-3EA6-4075-A9F5-AA9A029F3846}.Debug|Any CPU.ActiveCfg = Debug|Any CPU
		{C311E62C-3EA6-4075-A9F5-AA9A029F3846}.Debug|Any CPU.Build.0 = Debug|Any CPU
		{C311E62C-3EA6-4075-A9F5-AA9A029F3846}.Debug|x64.ActiveCfg = Debug|Any CPU
		{C311E62C-3EA6-4075-A9F5-AA9A029F3846}.Debug|x64.Build.0 = Debug|Any CPU
		{C311E62C-3EA6-4075-A9F5-AA9A029F3846}.Debug|x86.ActiveCfg = Debug|Any CPU
		{C311E62C-3EA6-4075-A9F5-AA9A029F3846}.Debug|x86.Build.0 = Debug|Any CPU
		{C311E62C-3EA6-4075-A9F5-AA9A029F3846}.Release|Any CPU.ActiveCfg = Release|Any CPU
		{C311E62C-3EA6-4075-A9F5-AA9A029F3846}.Release|Any CPU.Build.0 = Release|Any CPU
		{C311E62C-3EA6-4075-A9F5-AA9A029F3846}.Release|x64.ActiveCfg = Release|Any CPU
		{C311E62C-3EA6-4075-A9F5-AA9A029F3846}.Release|x64.Build.0 = Release|Any CPU
		{C311E62C-3EA6-4075-A9F5-AA9A029F3846}.Release|x86.ActiveCfg = Release|Any CPU
		{C311E62C-3EA6-4075-A9F5-AA9A029F3846}.Release|x86.Build.0 = Release|Any CPU
		{29585795-00DC-4026-9B6B-DCAEDA99D5BB}.Debug|Any CPU.ActiveCfg = Debug|Any CPU
		{29585795-00DC-4026-9B6B-DCAEDA99D5BB}.Debug|Any CPU.Build.0 = Debug|Any CPU
		{29585795-00DC-4026-9B6B-DCAEDA99D5BB}.Debug|x64.ActiveCfg = Debug|Any CPU
		{29585795-00DC-4026-9B6B-DCAEDA99D5BB}.Debug|x64.Build.0 = Debug|Any CPU
		{29585795-00DC-4026-9B6B-DCAEDA99D5BB}.Debug|x86.ActiveCfg = Debug|Any CPU
		{29585795-00DC-4026-9B6B-DCAEDA99D5BB}.Debug|x86.Build.0 = Debug|Any CPU
		{29585795-00DC-4026-9B6B-DCAEDA99D5BB}.Release|Any CPU.ActiveCfg = Release|Any CPU
		{29585795-00DC-4026-9B6B-DCAEDA99D5BB}.Release|Any CPU.Build.0 = Release|Any CPU
		{29585795-00DC-4026-9B6B-DCAEDA99D5BB}.Release|x64.ActiveCfg = Release|Any CPU
		{29585795-00DC-4026-9B6B-DCAEDA99D5BB}.Release|x64.Build.0 = Release|Any CPU
		{29585795-00DC-4026-9B6B-DCAEDA99D5BB}.Release|x86.ActiveCfg = Release|Any CPU
		{29585795-00DC-4026-9B6B-DCAEDA99D5BB}.Release|x86.Build.0 = Release|Any CPU
		{1038349E-EB34-4B60-83B3-57B8E1A69426}.Debug|Any CPU.ActiveCfg = Debug|Any CPU
		{1038349E-EB34-4B60-83B3-57B8E1A69426}.Debug|Any CPU.Build.0 = Debug|Any CPU
		{1038349E-EB34-4B60-83B3-57B8E1A69426}.Debug|x64.ActiveCfg = Debug|Any CPU
		{1038349E-EB34-4B60-83B3-57B8E1A69426}.Debug|x64.Build.0 = Debug|Any CPU
		{1038349E-EB34-4B60-83B3-57B8E1A69426}.Debug|x86.ActiveCfg = Debug|Any CPU
		{1038349E-EB34-4B60-83B3-57B8E1A69426}.Debug|x86.Build.0 = Debug|Any CPU
		{1038349E-EB34-4B60-83B3-57B8E1A69426}.Release|Any CPU.ActiveCfg = Release|Any CPU
		{1038349E-EB34-4B60-83B3-57B8E1A69426}.Release|Any CPU.Build.0 = Release|Any CPU
		{1038349E-EB34-4B60-83B3-57B8E1A69426}.Release|x64.ActiveCfg = Release|Any CPU
		{1038349E-EB34-4B60-83B3-57B8E1A69426}.Release|x64.Build.0 = Release|Any CPU
		{1038349E-EB34-4B60-83B3-57B8E1A69426}.Release|x86.ActiveCfg = Release|Any CPU
		{1038349E-EB34-4B60-83B3-57B8E1A69426}.Release|x86.Build.0 = Release|Any CPU
		{7099B084-635B-42BC-88DD-916295B7CED9}.Debug|Any CPU.ActiveCfg = Debug|Any CPU
		{7099B084-635B-42BC-88DD-916295B7CED9}.Debug|Any CPU.Build.0 = Debug|Any CPU
		{7099B084-635B-42BC-88DD-916295B7CED9}.Debug|x64.ActiveCfg = Debug|Any CPU
		{7099B084-635B-42BC-88DD-916295B7CED9}.Debug|x64.Build.0 = Debug|Any CPU
		{7099B084-635B-42BC-88DD-916295B7CED9}.Debug|x86.ActiveCfg = Debug|Any CPU
		{7099B084-635B-42BC-88DD-916295B7CED9}.Debug|x86.Build.0 = Debug|Any CPU
		{7099B084-635B-42BC-88DD-916295B7CED9}.Release|Any CPU.ActiveCfg = Release|Any CPU
		{7099B084-635B-42BC-88DD-916295B7CED9}.Release|Any CPU.Build.0 = Release|Any CPU
		{7099B084-635B-42BC-88DD-916295B7CED9}.Release|x64.ActiveCfg = Release|Any CPU
		{7099B084-635B-42BC-88DD-916295B7CED9}.Release|x64.Build.0 = Release|Any CPU
		{7099B084-635B-42BC-88DD-916295B7CED9}.Release|x86.ActiveCfg = Release|Any CPU
		{7099B084-635B-42BC-88DD-916295B7CED9}.Release|x86.Build.0 = Release|Any CPU
		{A799997E-DD45-424E-ACEC-E80BFF21FFA6}.Debug|Any CPU.ActiveCfg = Debug|Any CPU
		{A799997E-DD45-424E-ACEC-E80BFF21FFA6}.Debug|Any CPU.Build.0 = Debug|Any CPU
		{A799997E-DD45-424E-ACEC-E80BFF21FFA6}.Debug|x64.ActiveCfg = Debug|Any CPU
		{A799997E-DD45-424E-ACEC-E80BFF21FFA6}.Debug|x64.Build.0 = Debug|Any CPU
		{A799997E-DD45-424E-ACEC-E80BFF21FFA6}.Debug|x86.ActiveCfg = Debug|Any CPU
		{A799997E-DD45-424E-ACEC-E80BFF21FFA6}.Debug|x86.Build.0 = Debug|Any CPU
		{A799997E-DD45-424E-ACEC-E80BFF21FFA6}.Release|Any CPU.ActiveCfg = Release|Any CPU
		{A799997E-DD45-424E-ACEC-E80BFF21FFA6}.Release|Any CPU.Build.0 = Release|Any CPU
		{A799997E-DD45-424E-ACEC-E80BFF21FFA6}.Release|x64.ActiveCfg = Release|Any CPU
		{A799997E-DD45-424E-ACEC-E80BFF21FFA6}.Release|x64.Build.0 = Release|Any CPU
		{A799997E-DD45-424E-ACEC-E80BFF21FFA6}.Release|x86.ActiveCfg = Release|Any CPU
		{A799997E-DD45-424E-ACEC-E80BFF21FFA6}.Release|x86.Build.0 = Release|Any CPU
		{87490426-AE7D-430C-B27F-225AA083841B}.Debug|Any CPU.ActiveCfg = Debug|Any CPU
		{87490426-AE7D-430C-B27F-225AA083841B}.Debug|Any CPU.Build.0 = Debug|Any CPU
		{87490426-AE7D-430C-B27F-225AA083841B}.Debug|x64.ActiveCfg = Debug|Any CPU
		{87490426-AE7D-430C-B27F-225AA083841B}.Debug|x64.Build.0 = Debug|Any CPU
		{87490426-AE7D-430C-B27F-225AA083841B}.Debug|x86.ActiveCfg = Debug|Any CPU
		{87490426-AE7D-430C-B27F-225AA083841B}.Debug|x86.Build.0 = Debug|Any CPU
		{87490426-AE7D-430C-B27F-225AA083841B}.Release|Any CPU.ActiveCfg = Release|Any CPU
		{87490426-AE7D-430C-B27F-225AA083841B}.Release|Any CPU.Build.0 = Release|Any CPU
		{87490426-AE7D-430C-B27F-225AA083841B}.Release|x64.ActiveCfg = Release|Any CPU
		{87490426-AE7D-430C-B27F-225AA083841B}.Release|x64.Build.0 = Release|Any CPU
		{87490426-AE7D-430C-B27F-225AA083841B}.Release|x86.ActiveCfg = Release|Any CPU
		{87490426-AE7D-430C-B27F-225AA083841B}.Release|x86.Build.0 = Release|Any CPU
		{C1D9D770-B75A-4904-A5A7-40729CA867D5}.Debug|Any CPU.ActiveCfg = Debug|Any CPU
		{C1D9D770-B75A-4904-A5A7-40729CA867D5}.Debug|Any CPU.Build.0 = Debug|Any CPU
		{C1D9D770-B75A-4904-A5A7-40729CA867D5}.Debug|x64.ActiveCfg = Debug|Any CPU
		{C1D9D770-B75A-4904-A5A7-40729CA867D5}.Debug|x64.Build.0 = Debug|Any CPU
		{C1D9D770-B75A-4904-A5A7-40729CA867D5}.Debug|x86.ActiveCfg = Debug|Any CPU
		{C1D9D770-B75A-4904-A5A7-40729CA867D5}.Debug|x86.Build.0 = Debug|Any CPU
		{C1D9D770-B75A-4904-A5A7-40729CA867D5}.Release|Any CPU.ActiveCfg = Release|Any CPU
		{C1D9D770-B75A-4904-A5A7-40729CA867D5}.Release|Any CPU.Build.0 = Release|Any CPU
		{C1D9D770-B75A-4904-A5A7-40729CA867D5}.Release|x64.ActiveCfg = Release|Any CPU
		{C1D9D770-B75A-4904-A5A7-40729CA867D5}.Release|x64.Build.0 = Release|Any CPU
		{C1D9D770-B75A-4904-A5A7-40729CA867D5}.Release|x86.ActiveCfg = Release|Any CPU
		{C1D9D770-B75A-4904-A5A7-40729CA867D5}.Release|x86.Build.0 = Release|Any CPU
		{0CF27E6B-F103-45C9-82C7-B1B9A54B6F37}.Debug|Any CPU.ActiveCfg = Debug|Any CPU
		{0CF27E6B-F103-45C9-82C7-B1B9A54B6F37}.Debug|Any CPU.Build.0 = Debug|Any CPU
		{0CF27E6B-F103-45C9-82C7-B1B9A54B6F37}.Debug|x64.ActiveCfg = Debug|Any CPU
		{0CF27E6B-F103-45C9-82C7-B1B9A54B6F37}.Debug|x64.Build.0 = Debug|Any CPU
		{0CF27E6B-F103-45C9-82C7-B1B9A54B6F37}.Debug|x86.ActiveCfg = Debug|Any CPU
		{0CF27E6B-F103-45C9-82C7-B1B9A54B6F37}.Debug|x86.Build.0 = Debug|Any CPU
		{0CF27E6B-F103-45C9-82C7-B1B9A54B6F37}.Release|Any CPU.ActiveCfg = Release|Any CPU
		{0CF27E6B-F103-45C9-82C7-B1B9A54B6F37}.Release|Any CPU.Build.0 = Release|Any CPU
		{0CF27E6B-F103-45C9-82C7-B1B9A54B6F37}.Release|x64.ActiveCfg = Release|Any CPU
		{0CF27E6B-F103-45C9-82C7-B1B9A54B6F37}.Release|x64.Build.0 = Release|Any CPU
		{0CF27E6B-F103-45C9-82C7-B1B9A54B6F37}.Release|x86.ActiveCfg = Release|Any CPU
		{0CF27E6B-F103-45C9-82C7-B1B9A54B6F37}.Release|x86.Build.0 = Release|Any CPU
		{B6C89F32-712E-4229-8C33-B98203E1521A}.Debug|Any CPU.ActiveCfg = Debug|Any CPU
		{B6C89F32-712E-4229-8C33-B98203E1521A}.Debug|Any CPU.Build.0 = Debug|Any CPU
		{B6C89F32-712E-4229-8C33-B98203E1521A}.Debug|x64.ActiveCfg = Debug|Any CPU
		{B6C89F32-712E-4229-8C33-B98203E1521A}.Debug|x64.Build.0 = Debug|Any CPU
		{B6C89F32-712E-4229-8C33-B98203E1521A}.Debug|x86.ActiveCfg = Debug|Any CPU
		{B6C89F32-712E-4229-8C33-B98203E1521A}.Debug|x86.Build.0 = Debug|Any CPU
		{B6C89F32-712E-4229-8C33-B98203E1521A}.Release|Any CPU.ActiveCfg = Release|Any CPU
		{B6C89F32-712E-4229-8C33-B98203E1521A}.Release|Any CPU.Build.0 = Release|Any CPU
		{B6C89F32-712E-4229-8C33-B98203E1521A}.Release|x64.ActiveCfg = Release|Any CPU
		{B6C89F32-712E-4229-8C33-B98203E1521A}.Release|x64.Build.0 = Release|Any CPU
		{B6C89F32-712E-4229-8C33-B98203E1521A}.Release|x86.ActiveCfg = Release|Any CPU
		{B6C89F32-712E-4229-8C33-B98203E1521A}.Release|x86.Build.0 = Release|Any CPU
		{07982AC4-E7C9-4D25-ACA0-D9114BF26717}.Debug|Any CPU.ActiveCfg = Debug|Any CPU
		{07982AC4-E7C9-4D25-ACA0-D9114BF26717}.Debug|Any CPU.Build.0 = Debug|Any CPU
		{07982AC4-E7C9-4D25-ACA0-D9114BF26717}.Debug|x64.ActiveCfg = Debug|Any CPU
		{07982AC4-E7C9-4D25-ACA0-D9114BF26717}.Debug|x64.Build.0 = Debug|Any CPU
		{07982AC4-E7C9-4D25-ACA0-D9114BF26717}.Debug|x86.ActiveCfg = Debug|Any CPU
		{07982AC4-E7C9-4D25-ACA0-D9114BF26717}.Debug|x86.Build.0 = Debug|Any CPU
		{07982AC4-E7C9-4D25-ACA0-D9114BF26717}.Release|Any CPU.ActiveCfg = Release|Any CPU
		{07982AC4-E7C9-4D25-ACA0-D9114BF26717}.Release|Any CPU.Build.0 = Release|Any CPU
		{07982AC4-E7C9-4D25-ACA0-D9114BF26717}.Release|x64.ActiveCfg = Release|Any CPU
		{07982AC4-E7C9-4D25-ACA0-D9114BF26717}.Release|x64.Build.0 = Release|Any CPU
		{07982AC4-E7C9-4D25-ACA0-D9114BF26717}.Release|x86.ActiveCfg = Release|Any CPU
		{07982AC4-E7C9-4D25-ACA0-D9114BF26717}.Release|x86.Build.0 = Release|Any CPU
		{E01DEAEB-670B-4804-8538-4E992B5DCDAE}.Debug|Any CPU.ActiveCfg = Debug|Any CPU
		{E01DEAEB-670B-4804-8538-4E992B5DCDAE}.Debug|Any CPU.Build.0 = Debug|Any CPU
		{E01DEAEB-670B-4804-8538-4E992B5DCDAE}.Debug|x64.ActiveCfg = Debug|Any CPU
		{E01DEAEB-670B-4804-8538-4E992B5DCDAE}.Debug|x64.Build.0 = Debug|Any CPU
		{E01DEAEB-670B-4804-8538-4E992B5DCDAE}.Debug|x86.ActiveCfg = Debug|Any CPU
		{E01DEAEB-670B-4804-8538-4E992B5DCDAE}.Debug|x86.Build.0 = Debug|Any CPU
		{E01DEAEB-670B-4804-8538-4E992B5DCDAE}.Release|Any CPU.ActiveCfg = Release|Any CPU
		{E01DEAEB-670B-4804-8538-4E992B5DCDAE}.Release|Any CPU.Build.0 = Release|Any CPU
		{E01DEAEB-670B-4804-8538-4E992B5DCDAE}.Release|x64.ActiveCfg = Release|Any CPU
		{E01DEAEB-670B-4804-8538-4E992B5DCDAE}.Release|x64.Build.0 = Release|Any CPU
		{E01DEAEB-670B-4804-8538-4E992B5DCDAE}.Release|x86.ActiveCfg = Release|Any CPU
		{E01DEAEB-670B-4804-8538-4E992B5DCDAE}.Release|x86.Build.0 = Release|Any CPU
		{A4C248F5-1F62-4FF5-95B4-289261CF68C2}.Debug|Any CPU.ActiveCfg = Debug|Any CPU
		{A4C248F5-1F62-4FF5-95B4-289261CF68C2}.Debug|Any CPU.Build.0 = Debug|Any CPU
		{A4C248F5-1F62-4FF5-95B4-289261CF68C2}.Debug|x64.ActiveCfg = Debug|Any CPU
		{A4C248F5-1F62-4FF5-95B4-289261CF68C2}.Debug|x64.Build.0 = Debug|Any CPU
		{A4C248F5-1F62-4FF5-95B4-289261CF68C2}.Debug|x86.ActiveCfg = Debug|Any CPU
		{A4C248F5-1F62-4FF5-95B4-289261CF68C2}.Debug|x86.Build.0 = Debug|Any CPU
		{A4C248F5-1F62-4FF5-95B4-289261CF68C2}.Release|Any CPU.ActiveCfg = Release|Any CPU
		{A4C248F5-1F62-4FF5-95B4-289261CF68C2}.Release|Any CPU.Build.0 = Release|Any CPU
		{A4C248F5-1F62-4FF5-95B4-289261CF68C2}.Release|x64.ActiveCfg = Release|Any CPU
		{A4C248F5-1F62-4FF5-95B4-289261CF68C2}.Release|x64.Build.0 = Release|Any CPU
		{A4C248F5-1F62-4FF5-95B4-289261CF68C2}.Release|x86.ActiveCfg = Release|Any CPU
		{A4C248F5-1F62-4FF5-95B4-289261CF68C2}.Release|x86.Build.0 = Release|Any CPU
		{F38CC518-274F-4EEC-85D4-B3DD0145F6C6}.Debug|Any CPU.ActiveCfg = Debug|Any CPU
		{F38CC518-274F-4EEC-85D4-B3DD0145F6C6}.Debug|Any CPU.Build.0 = Debug|Any CPU
		{F38CC518-274F-4EEC-85D4-B3DD0145F6C6}.Debug|x64.ActiveCfg = Debug|Any CPU
		{F38CC518-274F-4EEC-85D4-B3DD0145F6C6}.Debug|x64.Build.0 = Debug|Any CPU
		{F38CC518-274F-4EEC-85D4-B3DD0145F6C6}.Debug|x86.ActiveCfg = Debug|Any CPU
		{F38CC518-274F-4EEC-85D4-B3DD0145F6C6}.Debug|x86.Build.0 = Debug|Any CPU
		{F38CC518-274F-4EEC-85D4-B3DD0145F6C6}.Release|Any CPU.ActiveCfg = Release|Any CPU
		{F38CC518-274F-4EEC-85D4-B3DD0145F6C6}.Release|Any CPU.Build.0 = Release|Any CPU
		{F38CC518-274F-4EEC-85D4-B3DD0145F6C6}.Release|x64.ActiveCfg = Release|Any CPU
		{F38CC518-274F-4EEC-85D4-B3DD0145F6C6}.Release|x64.Build.0 = Release|Any CPU
		{F38CC518-274F-4EEC-85D4-B3DD0145F6C6}.Release|x86.ActiveCfg = Release|Any CPU
		{F38CC518-274F-4EEC-85D4-B3DD0145F6C6}.Release|x86.Build.0 = Release|Any CPU
		{B920039A-110A-4256-A4D2-B13191CA9C0D}.Debug|Any CPU.ActiveCfg = Debug|Any CPU
		{B920039A-110A-4256-A4D2-B13191CA9C0D}.Debug|Any CPU.Build.0 = Debug|Any CPU
		{B920039A-110A-4256-A4D2-B13191CA9C0D}.Debug|x64.ActiveCfg = Debug|Any CPU
		{B920039A-110A-4256-A4D2-B13191CA9C0D}.Debug|x64.Build.0 = Debug|Any CPU
		{B920039A-110A-4256-A4D2-B13191CA9C0D}.Debug|x86.ActiveCfg = Debug|Any CPU
		{B920039A-110A-4256-A4D2-B13191CA9C0D}.Debug|x86.Build.0 = Debug|Any CPU
		{B920039A-110A-4256-A4D2-B13191CA9C0D}.Release|Any CPU.ActiveCfg = Release|Any CPU
		{B920039A-110A-4256-A4D2-B13191CA9C0D}.Release|Any CPU.Build.0 = Release|Any CPU
		{B920039A-110A-4256-A4D2-B13191CA9C0D}.Release|x64.ActiveCfg = Release|Any CPU
		{B920039A-110A-4256-A4D2-B13191CA9C0D}.Release|x64.Build.0 = Release|Any CPU
		{B920039A-110A-4256-A4D2-B13191CA9C0D}.Release|x86.ActiveCfg = Release|Any CPU
		{B920039A-110A-4256-A4D2-B13191CA9C0D}.Release|x86.Build.0 = Release|Any CPU
		{64145AFC-72BF-4C3F-833A-4AE3092EDAF8}.Debug|Any CPU.ActiveCfg = Debug|Any CPU
		{64145AFC-72BF-4C3F-833A-4AE3092EDAF8}.Debug|Any CPU.Build.0 = Debug|Any CPU
		{64145AFC-72BF-4C3F-833A-4AE3092EDAF8}.Debug|x64.ActiveCfg = Debug|Any CPU
		{64145AFC-72BF-4C3F-833A-4AE3092EDAF8}.Debug|x64.Build.0 = Debug|Any CPU
		{64145AFC-72BF-4C3F-833A-4AE3092EDAF8}.Debug|x86.ActiveCfg = Debug|Any CPU
		{64145AFC-72BF-4C3F-833A-4AE3092EDAF8}.Debug|x86.Build.0 = Debug|Any CPU
		{64145AFC-72BF-4C3F-833A-4AE3092EDAF8}.Release|Any CPU.ActiveCfg = Release|Any CPU
		{64145AFC-72BF-4C3F-833A-4AE3092EDAF8}.Release|Any CPU.Build.0 = Release|Any CPU
		{64145AFC-72BF-4C3F-833A-4AE3092EDAF8}.Release|x64.ActiveCfg = Release|Any CPU
		{64145AFC-72BF-4C3F-833A-4AE3092EDAF8}.Release|x64.Build.0 = Release|Any CPU
		{64145AFC-72BF-4C3F-833A-4AE3092EDAF8}.Release|x86.ActiveCfg = Release|Any CPU
		{64145AFC-72BF-4C3F-833A-4AE3092EDAF8}.Release|x86.Build.0 = Release|Any CPU
		{61A0CDC6-547F-499E-AA19-684941043614}.Debug|Any CPU.ActiveCfg = Debug|Any CPU
		{61A0CDC6-547F-499E-AA19-684941043614}.Debug|Any CPU.Build.0 = Debug|Any CPU
		{61A0CDC6-547F-499E-AA19-684941043614}.Debug|x64.ActiveCfg = Debug|Any CPU
		{61A0CDC6-547F-499E-AA19-684941043614}.Debug|x64.Build.0 = Debug|Any CPU
		{61A0CDC6-547F-499E-AA19-684941043614}.Debug|x86.ActiveCfg = Debug|Any CPU
		{61A0CDC6-547F-499E-AA19-684941043614}.Debug|x86.Build.0 = Debug|Any CPU
		{61A0CDC6-547F-499E-AA19-684941043614}.Release|Any CPU.ActiveCfg = Release|Any CPU
		{61A0CDC6-547F-499E-AA19-684941043614}.Release|Any CPU.Build.0 = Release|Any CPU
		{61A0CDC6-547F-499E-AA19-684941043614}.Release|x64.ActiveCfg = Release|Any CPU
		{61A0CDC6-547F-499E-AA19-684941043614}.Release|x64.Build.0 = Release|Any CPU
		{61A0CDC6-547F-499E-AA19-684941043614}.Release|x86.ActiveCfg = Release|Any CPU
		{61A0CDC6-547F-499E-AA19-684941043614}.Release|x86.Build.0 = Release|Any CPU
		{F7637BD5-CEEC-4253-886D-7DC237AF9C93}.Debug|Any CPU.ActiveCfg = Debug|Any CPU
		{F7637BD5-CEEC-4253-886D-7DC237AF9C93}.Debug|Any CPU.Build.0 = Debug|Any CPU
		{F7637BD5-CEEC-4253-886D-7DC237AF9C93}.Debug|x64.ActiveCfg = Debug|Any CPU
		{F7637BD5-CEEC-4253-886D-7DC237AF9C93}.Debug|x64.Build.0 = Debug|Any CPU
		{F7637BD5-CEEC-4253-886D-7DC237AF9C93}.Debug|x86.ActiveCfg = Debug|Any CPU
		{F7637BD5-CEEC-4253-886D-7DC237AF9C93}.Debug|x86.Build.0 = Debug|Any CPU
		{F7637BD5-CEEC-4253-886D-7DC237AF9C93}.Release|Any CPU.ActiveCfg = Release|Any CPU
		{F7637BD5-CEEC-4253-886D-7DC237AF9C93}.Release|Any CPU.Build.0 = Release|Any CPU
		{F7637BD5-CEEC-4253-886D-7DC237AF9C93}.Release|x64.ActiveCfg = Release|Any CPU
		{F7637BD5-CEEC-4253-886D-7DC237AF9C93}.Release|x64.Build.0 = Release|Any CPU
		{F7637BD5-CEEC-4253-886D-7DC237AF9C93}.Release|x86.ActiveCfg = Release|Any CPU
		{F7637BD5-CEEC-4253-886D-7DC237AF9C93}.Release|x86.Build.0 = Release|Any CPU
	EndGlobalSection
	GlobalSection(SolutionProperties) = preSolution
		HideSolutionNode = FALSE
	EndGlobalSection
	GlobalSection(NestedProjects) = preSolution
		{A9EE48D4-397E-46E6-9C75-9899D80C920E} = {827E0CD3-B72D-47B6-A68D-7590B98EB39B}
		{E179D4AB-37F1-484A-B015-4B74D45277C1} = {827E0CD3-B72D-47B6-A68D-7590B98EB39B}
		{C311E62C-3EA6-4075-A9F5-AA9A029F3846} = {0AB3BF05-4346-4AA6-1389-037BE0695223}
		{29585795-00DC-4026-9B6B-DCAEDA99D5BB} = {5D20AA90-6969-D8BD-9DCD-8634F4692FDA}
		{1038349E-EB34-4B60-83B3-57B8E1A69426} = {827E0CD3-B72D-47B6-A68D-7590B98EB39B}
		{7099B084-635B-42BC-88DD-916295B7CED9} = {827E0CD3-B72D-47B6-A68D-7590B98EB39B}
		{A799997E-DD45-424E-ACEC-E80BFF21FFA6} = {827E0CD3-B72D-47B6-A68D-7590B98EB39B}
		{87490426-AE7D-430C-B27F-225AA083841B} = {0AB3BF05-4346-4AA6-1389-037BE0695223}
		{C1D9D770-B75A-4904-A5A7-40729CA867D5} = {66320409-64EC-F7C5-3DEF-65E7510DAAD1}
		{0CF27E6B-F103-45C9-82C7-B1B9A54B6F37} = {66320409-64EC-F7C5-3DEF-65E7510DAAD1}
		{B6C89F32-712E-4229-8C33-B98203E1521A} = {0AB3BF05-4346-4AA6-1389-037BE0695223}
		{07982AC4-E7C9-4D25-ACA0-D9114BF26717} = {827E0CD3-B72D-47B6-A68D-7590B98EB39B}
		{E01DEAEB-670B-4804-8538-4E992B5DCDAE} = {827E0CD3-B72D-47B6-A68D-7590B98EB39B}
		{A4C248F5-1F62-4FF5-95B4-289261CF68C2} = {0AB3BF05-4346-4AA6-1389-037BE0695223}
		{F38CC518-274F-4EEC-85D4-B3DD0145F6C6} = {827E0CD3-B72D-47B6-A68D-7590B98EB39B}
		{B920039A-110A-4256-A4D2-B13191CA9C0D} = {0AB3BF05-4346-4AA6-1389-037BE0695223}
		{64145AFC-72BF-4C3F-833A-4AE3092EDAF8} = {827E0CD3-B72D-47B6-A68D-7590B98EB39B}
		{61A0CDC6-547F-499E-AA19-684941043614} = {827E0CD3-B72D-47B6-A68D-7590B98EB39B}
		{F7637BD5-CEEC-4253-886D-7DC237AF9C93} = {0AB3BF05-4346-4AA6-1389-037BE0695223}
	EndGlobalSection
EndGlobal
